{
  "name": "@chopsui/chops-switch",
  "version": "0.1.7",
  "lockfileVersion": 1,
  "requires": true,
  "dependencies": {
    "@chopsui/chops-checkbox": {
      "version": "0.1.6",
      "resolved": "https://registry.npmjs.org/@chopsui/chops-checkbox/-/chops-checkbox-0.1.6.tgz",
      "integrity": "sha512-4ujJEKNHYs2g7URBCsJhSaV/bwQO2wSQ76u9qmvj75UWOkUoLLgHtfOJ9KpnYUgPFWX4vfDC+gtl3KBHAFlYjQ==",
      "requires": {
        "lit-element": "^2.0.0"
      }
    },
    "lit-element": {
      "version": "2.2.0",
      "resolved": "https://registry.npmjs.org/lit-element/-/lit-element-2.2.0.tgz",
      "integrity": "sha512-Mzs3H7IO4wAnpzqreHw6dQqp9IG+h/oN8X9pgNbMZbE7x6B0aNOwP5Nveox/5HE+65ZfW2PeULEjoHkrwpTnuQ==",
      "requires": {
        "lit-html": "^1.0.0"
      }
    },
    "lit-html": {
      "version": "1.1.0",
      "resolved": "https://registry.npmjs.org/lit-html/-/lit-html-1.1.0.tgz",
      "integrity": "sha512-ZDJHpJi09yknMpjwPI8fuSl5sUG7+pF+eE5WciFtgyX7zebvgMDBgSLq4knXa7grxM00RkQ7PBd7UZQiruA78Q=="
    }
  }
}
