hash: 0dc7778ad65c6ee659bbb5dbc7734d595bd5d0b966d31c9f1b2b4f80be555407
updated: 2017-03-28T11:44:09.86035886-07:00
imports:
- name: cloud.google.com/go
  version: 83632a8c9ac154468bb93025c817b9cdc2c93100
  repo: https://code.googlesource.com/gocloud.git
  subpackages:
  - bigtable
  - compute/metadata
  - pubsub
  - storage
- name: github.com/andygrunwald/go-gerrit
  version: 647db050555eb2c46f749e11b65da1ab59337a16
  repo: https://chromium.googlesource.com/external/github.com/andygrunwald/go-gerrit.git
- name: github.com/bradfitz/gomemcache
  version: 1952afaa557dc08e8e0d89eafab110fb501c1a2b
  repo: https://chromium.googlesource.com/external/github.com/bradfitz/gomemcache.git
  subpackages:
  - memcache
- name: github.com/danjacques/gofslock
  version: 680376e31408bf9a43fb39cbceeeb9012728d081
  repo: https://chromium.googlesource.com/external/github.com/danjacques/gofslock.git
  subpackages:
  - fslock
- name: github.com/DATA-DOG/go-sqlmock
  version: b983233bc0bbea4dc6e8ec8c8c923d935765ffec
  repo: https://chromium.googlesource.com/external/github.com/DATA-DOG/go-sqlmock.git
- name: github.com/docker/docker
  version: 49bf474f9ed7ce7143a59d1964ff7b7fd9b52178
  repo: https://chromium.googlesource.com/external/github.com/docker/docker.git
  subpackages:
  - api/types
  - client
- name: github.com/dustin/go-humanize
  version: 259d2a102b871d17f30e3cd9881a642961a1e486
  repo: https://chromium.googlesource.com/external/github.com/dustin/go-humanize.git
- name: github.com/go-ole/go-ole
  version: de8695c8edbf8236f30d6e1376e20b198a028d42
  repo: https://chromium.googlesource.com/external/github.com/go-ole/go-ole.git
- name: github.com/go-sql-driver/mysql
  version: 9dee4ca50b83acdf57a35fb9e6fb4be640afa2f3
  repo: https://chromium.googlesource.com/external/github.com/go-sql-driver/mysql.git
- name: github.com/golang/lint
  version: cb00e5669539f047b2f4c53a421a01b0c8e172c6
  repo: https://chromium.googlesource.com/external/github.com/golang/lint.git
  subpackages:
  - golint
- name: github.com/golang/protobuf
  version: c9c7427a2a70d2eb3bafa0ab2dc163e45f143317
  repo: https://chromium.googlesource.com/external/github.com/golang/protobuf.git
  subpackages:
  - jsonpb
  - proto
  - protoc-gen-go
- name: github.com/google/go-querystring
  version: 53e6ce116135b80d037921a7fdd5138cf32d7a8a
  repo: https://chromium.googlesource.com/external/github.com/google/go-querystring.git
  subpackages:
  - query
- name: github.com/googleapis/gax-go
  version: 9af46dd5a1713e8b5cd71106287eba3cefdde50b
  repo: https://chromium.googlesource.com/external/github.com/googleapis/gax-go.git
- name: github.com/gopherjs/gopherjs
  version: 3496c6f94e1b945f3fc9580f6982675c0a74cd6c
  repo: https://chromium.googlesource.com/external/github.com/gopherjs/gopherjs.git
  subpackages:
  - js
- name: github.com/gorhill/cronexpr
  version: f0984319b44273e83de132089ae42b1810f4933b
  repo: https://chromium.googlesource.com/external/github.com/gorhill/cronexpr.git
- name: github.com/jtolds/gls
  version: bb0351aa7eb6f322f32667d51375f26a2bca6628
  repo: https://chromium.googlesource.com/external/github.com/jtolds/gls.git
- name: github.com/julienschmidt/httprouter
  version: 6f3f3919c8781ce5c0509c83fffc887a7830c938
  repo: https://chromium.googlesource.com/external/github.com/julienschmidt/httprouter.git
- name: github.com/kardianos/osext
  version: 9d302b58e975387d0b4d9be876622c86cefe64be
  repo: https://chromium.googlesource.com/external/github.com/kardianos/osext.git
- name: github.com/kisielk/errcheck
  version: 23699b7e2cbfdb89481023524954ba2aeff6be90
  repo: https://chromium.googlesource.com/external/github.com/kisielk/errcheck.git
- name: github.com/kisielk/gotool
  version: 0de1eaf82fa3f583ce21fde859f1e7e0c5e9b220
  repo: https://chromium.googlesource.com/external/github.com/kisielk/gotool.git
- name: github.com/klauspost/compress
  version: 14c9a76e3c95e47f8ccce949bba2c1101a8b85e6
  repo: https://chromium.googlesource.com/external/github.com/klauspost/compress.git
  subpackages:
  - zlib
- name: github.com/klauspost/cpuid
  version: 09cded8978dc9e80714c4d85b0322337b0a1e5e0
  repo: https://chromium.googlesource.com/external/github.com/klauspost/cpuid.git
- name: github.com/kr/pretty
  version: cfb55aafdaf3ec08f0db22699ab822c50091b1c4
  repo: https://chromium.googlesource.com/external/github.com/kr/pretty.git
- name: github.com/kr/text
  version: 7cafcd837844e784b526369c9bce262804aebc60
  repo: https://chromium.googlesource.com/external/github.com/kr/text.git
- name: github.com/luci/gkvlite
  version: 33184d2edd2d39ef71c3ed883e8ff752c4a18213
  repo: https://chromium.googlesource.com/external/github.com/luci/gkvlite.git
- name: github.com/luci/go-endpoints
  version: 004b467f9f9b2840089b1166353ae06e5e0e5844
  repo: https://chromium.googlesource.com/external/github.com/luci/go-endpoints.git
  subpackages:
  - endpoints
- name: github.com/luci/go-render
  version: fb5bbe650634bbf7a13ac505ccd52e910cd9001d
  repo: https://chromium.googlesource.com/external/github.com/luci/go-render.git
  subpackages:
  - render
- name: github.com/luci/gtreap
  version: 35df89791e8f5560a1fa0c0e8b58709beda51722
  repo: https://chromium.googlesource.com/external/github.com/luci/gtreap.git
- name: github.com/maruel/panicparse
  version: 25bcac0d793cf4109483505a0d66e066a3a90a80
  repo: https://chromium.googlesource.com/external/github.com/maruel/panicparse.git
  subpackages:
  - cmd/pp
- name: github.com/maruel/pre-commit-go
  version: 4633c1c6e792d3a18a4ce563cb5e66f5da8ef63a
  repo: https://chromium.googlesource.com/external/github.com/maruel/pre-commit-go.git
  subpackages:
  - cmd/covg
  - cmd/pcg
- name: github.com/maruel/subcommands
  version: 8c2c452e1460e1c2d42a8e3a3a527fb09bb68ee2
  repo: https://chromium.googlesource.com/external/github.com/maruel/subcommands.git
- name: github.com/maruel/ut
  version: a9c9f15ccfa6f8b90182a53df32f4745586fbae3
  repo: https://chromium.googlesource.com/external/github.com/maruel/ut.git
- name: github.com/Microsoft/go-winio
  version: fff283ad5116362ca252298cfc9b95828956d85d
  repo: https://chromium.googlesource.com/external/github.com/Microsoft/go-winio.git
- name: github.com/mitchellh/go-homedir
  version: b8bc1bf767474819792c23f32d8286a45736f1c6
  repo: https://chromium.googlesource.com/external/github.com/mitchellh/go-homedir.git
- name: github.com/op/go-logging
  version: 970db520ece77730c7e4724c61121037378659d9
  repo: https://chromium.googlesource.com/external/github.com/op/go-logging.git
- name: github.com/pmezard/go-difflib
  version: 792786c7400a136282c1664665ae0a8db921c6c2
  repo: https://chromium.googlesource.com/external/github.com/pmezard/go-difflib.git
  subpackages:
  - difflib
- name: github.com/sergi/go-diff
  version: 24e2351369ec4949b2ed0dc5c477afdd4c4034e8
  repo: https://chromium.googlesource.com/external/github.com/sergi/go-diff.git
  subpackages:
  - diffmatchpatch
- name: github.com/shirou/gopsutil
  version: e8f7a95747d711f34ddfe9dd9b825a84bd059dec
  repo: https://chromium.googlesource.com/external/github.com/shirou/gopsutil.git
- name: github.com/shirou/w32
  version: bb4de0191aa41b5507caa14b0650cdbddcd9280b
  repo: https://chromium.googlesource.com/external/github.com/shirou/w32.git
- name: github.com/smartystreets/assertions
  version: c9ee7d9e9a2aeec0bee7c4a516f3e0ad7cb7e558
  repo: https://chromium.googlesource.com/external/github.com/smartystreets/assertions.git
- name: github.com/smartystreets/goconvey
  version: 3bd662eac601ad6436e64776af2e112069eb2edc
  repo: https://chromium.googlesource.com/external/github.com/smartystreets/goconvey.git
  subpackages:
  - convey
- name: github.com/StackExchange/wmi
  version: 9f32b5905fd6ce7384093f9d048437e79f7b4d85
  repo: https://chromium.googlesource.com/external/github.com/StackExchange/wmi.git
- name: github.com/texttheater/golang-levenshtein
  version: a809b0abc4bdd4591a275c2dcf0982b0581da4e6
  repo: https://chromium.googlesource.com/external/github.com/texttheater/golang-levenshtein.git
  subpackages:
  - levenshtein
- name: github.com/VividCortex/godaemon
  version: 3d9f6e0b234fe7d17448b345b2e14ac05814a758
  repo: https://chromium.googlesource.com/external/github.com/VividCortex/godaemon.git
- name: github.com/xtgo/set
  version: 4431f6b51265b1e0b76af4dafc09d6f12c2bdcd0
  repo: https://chromium.googlesource.com/external/github.com/xtgo/set.git
- name: github.com/yosuke-furukawa/json5
  version: 07fdad7a3c55f2098b172ea58890470c07f7d392
  repo: https://chromium.googlesource.com/external/github.com/yosuke-furukawa/json5.git
  subpackages:
  - encoding/json5
- name: golang.org/x/build
  version: 0f8fc131b79a34e2128b80416c69a88e47a159f6
  repo: https://go.googlesource.com/build.git
  subpackages:
  - gerrit
- name: golang.org/x/mobile
  version: 6f0c9f6df9bb72876ba0f6ef5103207f479a0100
  repo: https://go.googlesource.com/mobile.git
  subpackages:
  - cmd/gomobile
- name: golang.org/x/net
  version: 6c23252515492caf9b228a9d5cabcdbde29f7f82
  repo: https://go.googlesource.com/net.git
  subpackages:
  - context
  - context/ctxhttp
- name: golang.org/x/oauth2
  version: 7fdf09982454086d5570c7db3e11f360194830ca
  repo: https://go.googlesource.com/oauth2.git
  subpackages:
  - google
  - jwt
- name: golang.org/x/sync
  version: 5a06fca2c336a4b2b2fcb45702e8c47621b2aa2c
  repo: https://go.googlesource.com/sync.git
  subpackages:
  - errgroup
- name: golang.org/x/sys
  version: afadfcc7779c1f4db0f6f6438afcb108d9c9c7cd
  repo: https://go.googlesource.com/sys.git
  subpackages:
  - windows
- name: golang.org/x/text
  version: fc7fa097411d30e6708badff276c4c164425590c
  repo: https://go.googlesource.com/text.git
- name: golang.org/x/tools
  version: d63e2b22b05a9682de336cd4802bba367ed429e7
  repo: https://go.googlesource.com/tools.git
  subpackages:
  - cmd/callgraph
  - cmd/fiximports
  - cmd/godex
  - cmd/goimports
  - cmd/gomvpkg
  - cmd/gorename
  - cmd/guru
  - cmd/oracle
  - cmd/stringer
- name: google.golang.org/api
  version: 48e49d1645e228d1c50c3d54fb476b2224477303
  repo: https://code.googlesource.com/google-api-go-client.git
  subpackages:
  - bigquery/v2
  - gensupport
  - google-api-go-generator
  - googleapi
  - logging/v1beta3
  - option
  - pubsub/v1
  - support/bundler
  - taskqueue/v1beta2
- name: google.golang.org/appengine
  version: 56d253d1dd14aa01937e12c73a0971bcfd797ff2
  repo: https://chromium.googlesource.com/external/github.com/golang/appengine.git
  subpackages:
  - cmd/aedeploy
  - datastore
  - log
  - mail
  - memcache
  - module
  - remote_api
  - taskqueue
  - urlfetch
  - user
- name: google.golang.org/genproto
  version: de9f5e90fe9b278809363f08c2072d2f2a429de7
  repo: https://chromium.googlesource.com/external/github.com/google/go-genproto.git
  subpackages:
  - googleapis/...
  - protobuf/...
- name: google.golang.org/grpc
  version: ccdf270424097c89eb80e48d66d7865dc93920d8
  repo: https://chromium.googlesource.com/external/github.com/grpc/grpc-go.git
  subpackages:
  - codes
  - metadata
- name: gopkg.in/fsnotify.v1
  version: 8611c35ab31c1c28aa903d33cf8b6e44a399b09e
  repo: https://chromium.googlesource.com/external/github.com/go-fsnotify/fsnotify.git
- name: gopkg.in/natefinch/npipe.v2
  version: c1b8fa8bdccecb0b8db834ee0b92fdbcfa606dd6
  repo: https://chromium.googlesource.com/external/github.com/natefinch/npipe.git
- name: gopkg.in/yaml.v2
  version: a3f3340b5840cee44f372bddb5880fcbc419b46a
  repo: https://chromium.googlesource.com/external/github.com/go-yaml/yaml.git
- name: howett.net/plist
  version: b6f6787c2abe9eb3ba2f49d62e01337eb8b28247
  repo: https://chromium.googlesource.com/external/github.com/DHowett/go-plist.git
testImports: []
