hash: 13ac0cbe9b50e94bf42f17934698f9025d3a7d8c33149f346b9e50a922f3cd9d
updated: 2017-09-13T15:06:56.776648315-07:00
imports:
- name: cloud.google.com/go
  version: c58be25102a7ab66b9e32676c23c6beda97a1449
  repo: https://code.googlesource.com/gocloud.git
  subpackages:
  - bigtable
  - compute/metadata
  - pubsub
  - storage
- name: github.com/andygrunwald/go-gerrit
  version: a2e6113fe9db3a29282713e49c45437b11cff45d
  repo: https://chromium.googlesource.com/external/github.com/andygrunwald/go-gerrit.git
- name: github.com/aryann/difflib
  version: e206f873d14a916d3d26c40ab667bca123f365a3
  repo: https://chromium.googlesource.com/external/github.com/aryann/difflib.git
- name: github.com/bradfitz/gomemcache
  version: 1952afaa557dc08e8e0d89eafab110fb501c1a2b
  repo: https://chromium.googlesource.com/external/github.com/bradfitz/gomemcache.git
  subpackages:
  - memcache
- name: github.com/danjacques/gofslock
  version: 050ea99730c49ae86f0137abada228c5f5a78bd9
  repo: https://chromium.googlesource.com/external/github.com/danjacques/gofslock.git
  subpackages:
  - fslock
- name: github.com/DATA-DOG/go-sqlmock
  version: d76b18b42f285b792bf985118980ce9eacea9d10
  repo: https://chromium.googlesource.com/external/github.com/DATA-DOG/go-sqlmock.git
- name: github.com/docker/docker
  version: 49bf474f9ed7ce7143a59d1964ff7b7fd9b52178
  repo: https://chromium.googlesource.com/external/github.com/docker/docker.git
  subpackages:
  - api/types
  - client
- name: github.com/dustin/go-humanize
  version: 79e699ccd02f240a1f1fbbdcee7e64c1c12e41aa
  repo: https://chromium.googlesource.com/external/github.com/dustin/go-humanize.git
- name: github.com/fedesog/webdriver
  version: 6f14c445a22cbbd7a136733ac3bc0e91b97cd97a
  repo: https://chromium.googlesource.com/external/github.com/fedesog/webdriver.git
- name: github.com/go-ole/go-ole
  version: 085abb85892dc1949567b726dff00fa226c60c45
  repo: https://chromium.googlesource.com/external/github.com/go-ole/go-ole.git
- name: github.com/go-sql-driver/mysql
  version: 26471af196a17ee75a22e6481b5a5897fb16b081
  repo: https://chromium.googlesource.com/external/github.com/go-sql-driver/mysql.git
- name: github.com/golang/lint
  version: c5fb716d6688a859aae56d26d3e6070808df29f7
  repo: https://chromium.googlesource.com/external/github.com/golang/lint.git
  subpackages:
  - golint
- name: github.com/golang/mock
  version: 18f6dd13ccdd227b8ebc546ca95cd62a02f3970c
  repo: https://chromium.googlesource.com/external/github.com/golang/mock.git
  subpackages:
  - gomock
  - mockgen
- name: github.com/golang/protobuf
  version: 17ce1425424ab154092bbb43af630bd647f3bb0d
  repo: https://chromium.googlesource.com/external/github.com/golang/protobuf.git
  subpackages:
  - jsonpb
  - proto
  - protoc-gen-go
- name: github.com/google/go-querystring
  version: 53e6ce116135b80d037921a7fdd5138cf32d7a8a
  repo: https://chromium.googlesource.com/external/github.com/google/go-querystring.git
  subpackages:
  - query
- name: github.com/googleapis/gax-go
  version: 8c160ca1523d8eea3932fbaa494c8964b7724aa8
  repo: https://chromium.googlesource.com/external/github.com/googleapis/gax-go.git
- name: github.com/gopherjs/gopherjs
  version: b40cd48c38f9a18eb3db20d163bad78de12cf0b7
  repo: https://chromium.googlesource.com/external/github.com/gopherjs/gopherjs.git
  subpackages:
  - js
- name: github.com/gorhill/cronexpr
  version: f0984319b44273e83de132089ae42b1810f4933b
  repo: https://chromium.googlesource.com/external/github.com/gorhill/cronexpr.git
- name: github.com/jmoiron/sqlx
  version: d9bd385d68c068f1fabb5057e3dedcbcbb039d0f
  repo: https://chromium.googlesource.com/external/github.com/jmoiron/sqlx.git
- name: github.com/jtolds/gls
  version: 77f18212c9c7edc9bd6a33d383a7b545ce62f064
  repo: https://chromium.googlesource.com/external/github.com/jtolds/gls.git
- name: github.com/julienschmidt/httprouter
  version: 975b5c4c7c21c0e3d2764200bf2aa8e34657ae6e
  repo: https://chromium.googlesource.com/external/github.com/julienschmidt/httprouter.git
- name: github.com/kardianos/osext
  version: ae77be60afb1dcacde03767a8c37337fad28ac14
  repo: https://chromium.googlesource.com/external/github.com/kardianos/osext.git
- name: github.com/kisielk/errcheck
  version: 23699b7e2cbfdb89481023524954ba2aeff6be90
  repo: https://chromium.googlesource.com/external/github.com/kisielk/errcheck.git
- name: github.com/kisielk/gotool
  version: d6ce6262d87e3a4e153e86023ff56ae771554a41
  repo: https://chromium.googlesource.com/external/github.com/kisielk/gotool.git
- name: github.com/klauspost/compress
  version: f3dce52e0576655d55fd69e74b63da96ad1108f3
  repo: https://chromium.googlesource.com/external/github.com/klauspost/compress.git
  subpackages:
  - zlib
- name: github.com/klauspost/cpuid
  version: ae7887de9fa5d2db4eaa8174a7eff2c1ac00f2da
  repo: https://chromium.googlesource.com/external/github.com/klauspost/cpuid.git
- name: github.com/kr/pretty
  version: cfb55aafdaf3ec08f0db22699ab822c50091b1c4
  repo: https://chromium.googlesource.com/external/github.com/kr/pretty.git
- name: github.com/kr/text
  version: 7cafcd837844e784b526369c9bce262804aebc60
  repo: https://chromium.googlesource.com/external/github.com/kr/text.git
- name: github.com/luci/gkvlite
  version: 33184d2edd2d39ef71c3ed883e8ff752c4a18213
  repo: https://chromium.googlesource.com/external/github.com/luci/gkvlite.git
- name: github.com/luci/go-endpoints
  version: 004b467f9f9b2840089b1166353ae06e5e0e5844
  repo: https://chromium.googlesource.com/external/github.com/luci/go-endpoints.git
  subpackages:
  - endpoints
- name: github.com/luci/go-render
  version: fb5bbe650634bbf7a13ac505ccd52e910cd9001d
  repo: https://chromium.googlesource.com/external/github.com/luci/go-render.git
  subpackages:
  - render
- name: github.com/luci/gtreap
  version: 35df89791e8f5560a1fa0c0e8b58709beda51722
  repo: https://chromium.googlesource.com/external/github.com/luci/gtreap.git
- name: github.com/maruel/panicparse
  version: e097e77a230345db8ac8961861c81fb509c845c9
  repo: https://chromium.googlesource.com/external/github.com/maruel/panicparse.git
  subpackages:
  - cmd/pp
- name: github.com/maruel/pre-commit-go
  version: 4633c1c6e792d3a18a4ce563cb5e66f5da8ef63a
  repo: https://chromium.googlesource.com/external/github.com/maruel/pre-commit-go.git
  subpackages:
  - cmd/covg
  - cmd/pcg
- name: github.com/maruel/subcommands
  version: 8c2c452e1460e1c2d42a8e3a3a527fb09bb68ee2
  repo: https://chromium.googlesource.com/external/github.com/maruel/subcommands.git
- name: github.com/maruel/ut
  version: 011e2dba8a7041bb36410988bea35574bad272c7
  repo: https://chromium.googlesource.com/external/github.com/maruel/ut.git
- name: github.com/mattes/migrate
  version: 804f9c2d4f403bdea957346b5c8ede7d66b4ba37
  repo: https://chromium.googlesource.com/external/github.com/mattes/migrate.git
  subpackages:
  - database/mysql
  - source/file
- name: github.com/Microsoft/go-winio
  version: 78439966b38d69bf38227fbf57ac8a6fee70f69a
  repo: https://chromium.googlesource.com/external/github.com/Microsoft/go-winio.git
- name: github.com/mitchellh/go-homedir
  version: b8bc1bf767474819792c23f32d8286a45736f1c6
  repo: https://chromium.googlesource.com/external/github.com/mitchellh/go-homedir.git
- name: github.com/op/go-logging
  version: 970db520ece77730c7e4724c61121037378659d9
  repo: https://chromium.googlesource.com/external/github.com/op/go-logging.git
- name: github.com/pmezard/go-difflib
  version: 792786c7400a136282c1664665ae0a8db921c6c2
  repo: https://chromium.googlesource.com/external/github.com/pmezard/go-difflib.git
  subpackages:
  - difflib
- name: github.com/sergi/go-diff
  version: feef008d51ad2b3778f85d387ccf91735543008d
  repo: https://chromium.googlesource.com/external/github.com/sergi/go-diff.git
  subpackages:
  - diffmatchpatch
- name: github.com/shirou/gopsutil
  version: 114c78c777eb86b58e40910cbd3fc451829c366d
  repo: https://chromium.googlesource.com/external/github.com/shirou/gopsutil.git
- name: github.com/shirou/w32
  version: bb4de0191aa41b5507caa14b0650cdbddcd9280b
  repo: https://chromium.googlesource.com/external/github.com/shirou/w32.git
- name: github.com/smartystreets/assertions
  version: 9c0ea8acbc1d8ad689f9e6fe0c1fa5838e0cabc2
  repo: https://chromium.googlesource.com/external/github.com/smartystreets/assertions.git
- name: github.com/smartystreets/goconvey
  version: e5b2b7c9111590d019a696c7800593f666e1a7f4
  repo: https://chromium.googlesource.com/external/github.com/smartystreets/goconvey.git
  subpackages:
  - convey
- name: github.com/StackExchange/wmi
  version: ea383cf3ba6ec950874b8486cd72356d007c768f
  repo: https://chromium.googlesource.com/external/github.com/StackExchange/wmi.git
- name: github.com/texttheater/golang-levenshtein
  version: 1a14278c506abae7c17b3cb0b84ae863c7300454
  repo: https://chromium.googlesource.com/external/github.com/texttheater/golang-levenshtein.git
  subpackages:
  - levenshtein
- name: github.com/VividCortex/godaemon
  version: 3d9f6e0b234fe7d17448b345b2e14ac05814a758
  repo: https://chromium.googlesource.com/external/github.com/VividCortex/godaemon.git
- name: github.com/xtgo/set
  version: 4431f6b51265b1e0b76af4dafc09d6f12c2bdcd0
  repo: https://chromium.googlesource.com/external/github.com/xtgo/set.git
- name: github.com/yosuke-furukawa/json5
  version: 07fdad7a3c55f2098b172ea58890470c07f7d392
  repo: https://chromium.googlesource.com/external/github.com/yosuke-furukawa/json5.git
  subpackages:
  - encoding/json5
- name: golang.org/x/build
  version: 1cf306ea29af714ae6f446eda4fc3ac8abb37e6d
  repo: https://go.googlesource.com/build.git
  subpackages:
  - gerrit
- name: golang.org/x/mobile
  version: 6f0c9f6df9bb72876ba0f6ef5103207f479a0100
  repo: https://go.googlesource.com/mobile.git
  subpackages:
  - cmd/gomobile
- name: golang.org/x/net
  version: b129b8e0fbeb39c8358e51a07ab6c50ad415e72e
  repo: https://go.googlesource.com/net.git
  subpackages:
  - context
  - context/ctxhttp
- name: golang.org/x/oauth2
  version: 13449ad91cb26cb47661c1b080790392170385fd
  repo: https://go.googlesource.com/oauth2.git
  subpackages:
  - google
  - jwt
- name: golang.org/x/sync
  version: f52d1811a62927559de87708c8913c1650ce4f26
  repo: https://go.googlesource.com/sync.git
  subpackages:
  - errgroup
- name: golang.org/x/sys
  version: 062cd7e4e68206d8bab9b18396626e855c992658
  repo: https://go.googlesource.com/sys.git
  subpackages:
  - windows
- name: golang.org/x/text
  version: acd49d43e9b95df46670431bf5c7ae59586daad8
  repo: https://go.googlesource.com/text.git
- name: golang.org/x/tools
  version: 3b1faeda9afbcba128c2d794b38ffe7982141139
  repo: https://go.googlesource.com/tools.git
  subpackages:
  - cmd/callgraph
  - cmd/fiximports
  - cmd/godex
  - cmd/goimports
  - cmd/gomvpkg
  - cmd/gorename
  - cmd/guru
  - cmd/oracle
  - cmd/stringer
- name: google.golang.org/api
  version: 2fe03ca2dc379c00d654a4459d1a50812cac2848
  repo: https://code.googlesource.com/google-api-go-client.git
  subpackages:
  - bigquery/v2
  - gensupport
  - google-api-go-generator
  - googleapi
  - logging/v1beta3
  - option
  - pubsub/v1
  - support/bundler
  - taskqueue/v1beta2
- name: google.golang.org/appengine
  version: d9a072cfa7b9736e44311ef77b3e09d804bfa599
  repo: https://chromium.googlesource.com/external/github.com/golang/appengine.git
  subpackages:
  - cmd/aedeploy
  - datastore
  - log
  - mail
  - memcache
  - module
  - remote_api
  - taskqueue
  - urlfetch
  - user
- name: google.golang.org/genproto
  version: 595979c8a7bf586b2d293fb42246bf91a0b893d9
  repo: https://chromium.googlesource.com/external/github.com/google/go-genproto.git
  subpackages:
  - googleapis/...
  - protobuf/...
- name: google.golang.org/grpc
  version: c443156028b9fa563e063e9fa8ba7881d467833b
  repo: https://chromium.googlesource.com/external/github.com/grpc/grpc-go.git
  subpackages:
  - codes
  - metadata
- name: gopkg.in/fsnotify.v1
  version: 8611c35ab31c1c28aa903d33cf8b6e44a399b09e
  repo: https://chromium.googlesource.com/external/github.com/go-fsnotify/fsnotify.git
- name: gopkg.in/natefinch/npipe.v2
  version: c1b8fa8bdccecb0b8db834ee0b92fdbcfa606dd6
  repo: https://chromium.googlesource.com/external/github.com/natefinch/npipe.git
- name: gopkg.in/yaml.v2
  version: eb3733d160e74a9c7e442f435eb3bea458e1d19f
  repo: https://chromium.googlesource.com/external/github.com/go-yaml/yaml.git
- name: howett.net/plist
  version: 2f847ea62b17703c861484a09f0e5841328a2cb9
  repo: https://chromium.googlesource.com/external/github.com/DHowett/go-plist.git
testImports: []
