hash: 4ceb338d6614101f4d7c082339a714735d14b760b766d26cbf93526a7e952e27
updated: 2016-07-01T14:14:01.143485999-07:00
imports:
- name: github.com/dustin/go-humanize
  version: fef948f2d241bd1fd0631108ecc2c9553bae60bf
  repo: https://chromium.googlesource.com/external/github.com/dustin/go-humanize.git
- name: github.com/go-sql-driver/mysql
  version: 3654d25ec346ee8ce71a68431025458d52a38ac0
  repo: https://chromium.googlesource.com/external/github.com/go-sql-driver/mysql.git
- name: github.com/golang/lint
  version: c7bacac2b21ca01afa1dee0acf64df3ce047c28f
  repo: https://chromium.googlesource.com/external/github.com/golang/lint.git
  subpackages:
  - golint
- name: github.com/golang/protobuf
  version: 3852dcfda249c2097355a6aabb199a28d97b30df
  repo: https://chromium.googlesource.com/external/github.com/golang/protobuf.git
  subpackages:
  - jsonpb
  - proto
  - protoc-gen-go
- name: github.com/gopherjs/gopherjs
  version: 6a1c576b7adbb8ddf3a044df225011148fcc0e49
  repo: https://chromium.googlesource.com/external/github.com/gopherjs/gopherjs.git
  subpackages:
  - js
- name: github.com/gorhill/cronexpr
  version: f0984319b44273e83de132089ae42b1810f4933b
  repo: https://chromium.googlesource.com/external/github.com/gorhill/cronexpr.git
- name: github.com/jtolds/gls
  version: 8ddce2a84170772b95dd5d576c48d517b22cac63
  repo: https://chromium.googlesource.com/external/github.com/jtolds/gls.git
- name: github.com/julienschmidt/httprouter
  version: 77366a47451a56bb3ba682481eed85b64fea14e8
  repo: https://chromium.googlesource.com/external/github.com/julienschmidt/httprouter.git
- name: github.com/kardianos/osext
  version: 29ae4ffbc9a6fe9fb2bc5029050ce6996ea1d3bc
  repo: https://chromium.googlesource.com/external/github.com/kardianos/osext.git
- name: github.com/kisielk/errcheck
  version: 8e25ad9d46f6c5d4e994edf82c57eb773a9aa73d
  repo: https://chromium.googlesource.com/external/github.com/kisielk/errcheck.git
- name: github.com/kisielk/gotool
  version: 58a7a198f2ec6ea7af221fd216e7f559d663ce02
  repo: https://chromium.googlesource.com/external/github.com/kisielk/gotool.git
- name: github.com/kr/pretty
  version: add1dbc86daf0f983cd4a48ceb39deb95c729b67
  repo: https://chromium.googlesource.com/external/github.com/kr/pretty.git
- name: github.com/kr/text
  version: 7cafcd837844e784b526369c9bce262804aebc60
  repo: https://chromium.googlesource.com/external/github.com/kr/text.git
- name: github.com/luci/gkvlite
  version: 33184d2edd2d39ef71c3ed883e8ff752c4a18213
  repo: https://chromium.googlesource.com/external/github.com/luci/gkvlite.git
- name: github.com/luci/go-endpoints
  version: 004b467f9f9b2840089b1166353ae06e5e0e5844
  repo: https://chromium.googlesource.com/external/github.com/luci/go-endpoints.git
  subpackages:
  - endpoints
- name: github.com/luci/go-render
  version: fb5bbe650634bbf7a13ac505ccd52e910cd9001d
  repo: https://chromium.googlesource.com/external/github.com/luci/go-render.git
  subpackages:
  - render
- name: github.com/maruel/panicparse
  version: fad3904e072035be3feaceecd7c26fc3139b1d29
  repo: https://chromium.googlesource.com/external/github.com/maruel/panicparse.git
  subpackages:
  - cmd/pp
- name: github.com/maruel/pre-commit-go
  version: 7d6194a716afcf9f525d4f5c91c3f59e157a53cd
  repo: https://chromium.googlesource.com/external/github.com/maruel/pre-commit-go.git
  subpackages:
  - cmd/covg
  - cmd/pcg
- name: github.com/maruel/subcommands
  version: a4141cc8723941ce5b7a9ab87b77f397a80e2be6
  repo: https://chromium.googlesource.com/external/github.com/maruel/subcommands.git
- name: github.com/maruel/ut
  version: a9c9f15ccfa6f8b90182a53df32f4745586fbae3
  repo: https://chromium.googlesource.com/external/github.com/maruel/ut.git
- name: github.com/mgutz/ansi
  version: c286dcecd19ff979eeb73ea444e479b903f2cfcb
  repo: https://chromium.googlesource.com/external/github.com/mgutz/ansi.git
- name: github.com/mitchellh/go-homedir
  version: 756f7b183b7ab78acdbbee5c7f392838ed459dda
  repo: https://chromium.googlesource.com/external/github.com/mitchellh/go-homedir.git
- name: github.com/op/go-logging
  version: 970db520ece77730c7e4724c61121037378659d9
  repo: https://chromium.googlesource.com/external/github.com/op/go-logging.git
- name: github.com/pmezard/go-difflib
  version: 792786c7400a136282c1664665ae0a8db921c6c2
  repo: https://chromium.googlesource.com/external/github.com/pmezard/go-difflib.git
  subpackages:
  - difflib
- name: github.com/sergi/go-diff
  version: ec7fdbb58eb3e300c8595ad5ac74a5aa50019cc7
  repo: https://chromium.googlesource.com/external/github.com/sergi/go-diff.git
  subpackages:
  - diffmatchpatch
- name: github.com/smartystreets/assertions
  version: 40711f7748186bbf9c99977cd89f21ce1a229447
  repo: https://chromium.googlesource.com/external/github.com/smartystreets/assertions.git
- name: github.com/smartystreets/goconvey
  version: c53abc99456fa3402dd33c15ee51c3e545e04a3f
  repo: https://chromium.googlesource.com/external/github.com/smartystreets/goconvey.git
  subpackages:
  - convey
- name: github.com/texttheater/golang-levenshtein
  version: 1298e830a5c134c6830b6d472b7b81faa9492c0a
  repo: https://chromium.googlesource.com/external/github.com/texttheater/golang-levenshtein.git
  subpackages:
  - levenshtein
- name: github.com/xtgo/set
  version: 4431f6b51265b1e0b76af4dafc09d6f12c2bdcd0
  repo: https://chromium.googlesource.com/external/github.com/xtgo/set.git
- name: github.com/yosuke-furukawa/json5
  version: 07fdad7a3c55f2098b172ea58890470c07f7d392
  repo: https://chromium.googlesource.com/external/github.com/yosuke-furukawa/json5.git
  subpackages:
  - encoding/json5
- name: golang.org/x/net
  version: b400c2eff1badec7022a8c8f5bea058b6315eed7
  repo: https://go.googlesource.com/net.git
  subpackages:
  - context
  - context/ctxhttp
- name: golang.org/x/oauth2
  version: 65a8d08c6292395d47053be10b3c5e91960def76
  repo: https://go.googlesource.com/oauth2.git
  subpackages:
  - google
  - jwt
- name: golang.org/x/tools
  version: 0d2bde8553c1385ba127c53d1d792629e5ca2529
  repo: https://go.googlesource.com/tools.git
  subpackages:
  - cmd/callgraph
  - cmd/fiximports
  - cmd/godex
  - cmd/goimports
  - cmd/gomvpkg
  - cmd/gorename
  - cmd/guru
  - cmd/oracle
  - cmd/stringer
- name: google.golang.org/api
  version: 57212573ccf9e4f69f4caa0336831697e29adcd6
  repo: https://code.googlesource.com/google-api-go-client.git
  subpackages:
  - gensupport
  - googleapi
  - logging/v1beta3
  - pubsub/v1
  - taskqueue/v1beta2
  - google-api-go-generator
- name: google.golang.org/appengine
  version: 267c27e7492265b84fc6719503b14a1e17975d79
  repo: https://chromium.googlesource.com/external/github.com/golang/appengine.git
  subpackages:
  - datastore
  - log
  - mail
  - memcache
  - module
  - remote_api
  - taskqueue
  - urlfetch
  - user
  - cmd/aedeploy
- name: google.golang.org/cloud
  version: ebfe3819c9ab4acaf086ae57e4cbd7dee683baf0
  repo: https://code.googlesource.com/gocloud.git
  subpackages:
  - bigtable
  - compute/metadata
  - pubsub
  - storage
- name: google.golang.org/grpc
  version: a0ff1e78a98cd140c2d18a0210ab0a2a183a2b4c
  repo: https://chromium.googlesource.com/external/github.com/grpc/grpc-go.git
  subpackages:
  - codes
  - metadata
- name: gopkg.in/fsnotify.v1
  version: 8611c35ab31c1c28aa903d33cf8b6e44a399b09e
  repo: https://chromium.googlesource.com/external/github.com/go-fsnotify/fsnotify.git
- name: gopkg.in/natefinch/npipe.v2
  version: c1b8fa8bdccecb0b8db834ee0b92fdbcfa606dd6
  repo: https://chromium.googlesource.com/external/github.com/natefinch/npipe.git
- name: gopkg.in/yaml.v2
  version: a83829b6f1293c91addabc89d0571c246397bbf4
  repo: https://chromium.googlesource.com/external/github.com/go-yaml/yaml.git
devImports: []
