github.com/GoogleCloudPlatform/go-endpoints/endpoints #30cbe84e0d7ff4253cd6f89c39a53d3e60b98088 !https://chromium.googlesource.com/external/github.com/GoogleCloudPlatform/go-endpoints.git
github.com/coreos/etcd #9635d8d94cb130666e5468a2673b9911cb51652b !https://chromium.googlesource.com/external/github.com/coreos/etcd.git
github.com/golang/glog #fca8c8854093a154ff1eb580aae10276ad6b1b5f !https://chromium.googlesource.com/external/github.com/golang/glog.git
github.com/golang/lint #32a87160691b3c96046c0c678fe57c5bef761456 !https://chromium.googlesource.com/external/github.com/golang/lint.git
github.com/golang/protobuf #9ebc6c4ed925b1323a0b11cea09e527cdc4e557c !https://chromium.googlesource.com/external/github.com/golang/protobuf.git
github.com/google/google-api-go-client/google-api-go-generator #c83ee8e9b7e6c40a486c0992a963ea8b6911de67 !https://code.googlesource.com/google-api-go-client.git
github.com/gorhill/cronexpr #a557574d6c024ed6e36acc8b610f5f211c91568a !https://chromium.googlesource.com/external/github.com/gorhill/cronexpr.git
github.com/jtolds/gls #9a4a02dbe491bef4bab3c24fd9f3087d6c4c6690 !https://chromium.googlesource.com/external/github.com/jtolds/gls.git
github.com/julienschmidt/httprouter #77a895ad01ebc98a4dc95d8355bc825ce80a56f6 !https://chromium.googlesource.com/external/github.com/julienschmidt/httprouter.git
github.com/kardianos/osext #6e7f843663477789fac7c02def0d0909e969b4e5 !https://chromium.googlesource.com/external/github.com/kardianos/osext.git
github.com/kisielk/errcheck #a4f12b02dc24fba8e9cd3706f3c35795616f2687 !https://chromium.googlesource.com/external/github.com/kisielk/errcheck.git
github.com/kisielk/gotool #58a7a198f2ec6ea7af221fd216e7f559d663ce02 !https://chromium.googlesource.com/external/github.com/kisielk/gotool.git
github.com/klauspost/compress #cc3dd5b547c647bb58b74d005457c7f82055c422 !https://chromium.googlesource.com/external/github.com/klauspost/compress.git
github.com/klauspost/cpuid #8d9fe9648674c9699346aa4a5456cc9e1c0a96db !https://chromium.googlesource.com/external/github.com/klauspost/cpuid.git
github.com/klauspost/crc32 #f8d2e12057f7ef26ae42ecfa42697f4bdc32d7eb !https://chromium.googlesource.com/external/github.com/klauspost/crc32.git
github.com/kr/pretty #e6ac2fc51e89a3249e82157fa0bb7a18ef9dd5bb !https://chromium.googlesource.com/external/github.com/kr/pretty.git
github.com/kr/pty #f7ee69f31298ecbe5d2b349c711e2547a617d398 !https://chromium.googlesource.com/external/github.com/kr/pty.git
github.com/kr/text #bb797dc4fb8320488f47bf11de07a733d7233e1f !https://chromium.googlesource.com/external/github.com/kr/text.git
github.com/luci/gkvlite #10bbae231193ace9d3c8969a194b425166b486e8 !https://chromium.googlesource.com/external/github.com/luci/gkvlite.git
github.com/maruel/panicparse #35b70c396b3b7ff615b29678b2385d8adb91c9c2 !https://chromium.googlesource.com/external/github.com/maruel/panicparse.git
github.com/maruel/pre-commit-go #480f19b6bfc4ad8989f989f37d8837e2f487a14d !https://chromium.googlesource.com/external/github.com/maruel/pre-commit-go.git
github.com/maruel/subcommands #a4141cc8723941ce5b7a9ab87b77f397a80e2be6 !https://chromium.googlesource.com/external/github.com/maruel/subcommands.git
github.com/maruel/ut #7a409e904fa721e4784f8295740480ed308a266d !https://chromium.googlesource.com/external/github.com/maruel/ut.git
github.com/mattn/go-colorable #40e4aedc8fabf8c23e040057540867186712faa5 !https://chromium.googlesource.com/external/github.com/mattn/go-colorable.git
github.com/mattn/go-isatty #7fcbc72f853b92b5720db4a6b8482be612daef24 !https://chromium.googlesource.com/external/github.com/mattn/go-isatty.git
github.com/mgutz/ansi #c286dcecd19ff979eeb73ea444e479b903f2cfcb !https://chromium.googlesource.com/external/github.com/mgutz/ansi.git
github.com/olekukonko/ts #ecf753e7c962639ab5a1fb46f7da627d4c0a04b8 !https://chromium.googlesource.com/external/github.com/olekukonko/ts.git
github.com/op/go-logging #e8d5414f0947014548c2334044a0fac13187dfee !https://chromium.googlesource.com/external/github.com/op/go-logging.git
github.com/sergi/go-diff #ffccea18eeb30a700e65bdf8a9f99456e5d254fa !https://chromium.googlesource.com/external/github.com/sergi/go-diff.git
github.com/smartystreets/assertions #01fedaa993c0a9f9aa55111501cd7c81a49e812e !https://chromium.googlesource.com/external/github.com/smartystreets/assertions.git
github.com/smartystreets/goconvey #1344f4b7a89ef3c50a539d81fab0a34ef2432129 !https://chromium.googlesource.com/external/github.com/smartystreets/goconvey.git
github.com/steveyen/go-slab #2f82a688478741b7843a5575749f726d4b3f92b1 !https://chromium.googlesource.com/external/github.com/steveyen/go-slab.git
github.com/texttheater/golang-levenshtein #9ab79d77423b5c17e36d1f02838fe9e788678ff0 !https://chromium.googlesource.com/external/github.com/texttheater/golang-levenshtein.git
github.com/yosuke-furukawa/json5 #07fdad7a3c55f2098b172ea58890470c07f7d392 !https://chromium.googlesource.com/external/github.com/yosuke-furukawa/json5.git
golang.org/x/crypto #c8b9e6388ef638d5a8a9d865c634befdc46a6784
golang.org/x/net #ddbc69e05bd1d66853fca7216e1f380c3b8e4b25
golang.org/x/oauth2 #ef4eca6b097fad7cec79afcc278d213a6de1c960
golang.org/x/text #0fe7e6856182a6ebfcf1e6a7aa90bead9a8e1bc0
golang.org/x/tools #5b9ecb9f68e2e1be33b663895c700aac9726378e
google.golang.org/api #c83ee8e9b7e6c40a486c0992a963ea8b6911de67
google.golang.org/appengine #75a29a66d4850a15c19eb6d70a31f5c453572be0 !https://chromium.googlesource.com/external/github.com/golang/appengine.git
google.golang.org/cloud #2400193c85c3561d13880d34e0e10c4315bb02af
google.golang.org/grpc #9210c87f856a18cd611c8a590d0ad9d1aa2a6a51 !https://chromium.googlesource.com/external/github.com/grpc/grpc-go.git
gopkg.in/fsnotify.v1 #96c060f6a6b7e0d6f75fddd10efeaca3e5d1bcb0 !https://chromium.googlesource.com/external/github.com/go-fsnotify/fsnotify.git
gopkg.in/yaml.v2 #53feefa2559fb8dfa8d81baad31be332c97d6c77 !https://chromium.googlesource.com/external/github.com/go-yaml/yaml.git
